
Microsoft Visual Studio Solution File, Format Version 12.00
# Visual Studio 15
VisualStudioVersion = 15.0.28307.421
MinimumVisualStudioVersion = 10.0.40219.1
Project("{8BC9CEB8-8B4A-11D0-8D11-00A0C91BC942}") = "Diss", "Diss\Diss.vcxproj", "{99113E47-2C80-43C5-8FD8-5284F9B93C44}"
	ProjectSection(ProjectDependencies) = postProject
		{7A22CD41-A2EE-49F0-8B06-E01B4526CA41} = {7A22CD41-A2EE-49F0-8B06-E01B4526CA41}
	EndProjectSection
EndProject
Project("{8BC9CEB8-8B4A-11D0-8D11-00A0C91BC942}") = "Common", "Common\Common.vcxproj", "{7A22CD41-A2EE-49F0-8B06-E01B4526CA41}"
	ProjectSection(ProjectDependencies) = postProject
		{EF869029-64F1-467F-BB9B-1D3B49EDECFA} = {EF869029-64F1-467F-BB9B-1D3B49EDECFA}
	EndProjectSection
EndProject
Project("{8BC9CEB8-8B4A-11D0-8D11-00A0C91BC942}") = "OpenGLRendering", "Plugins\OpenGLRendering\OpenGLRendering.vcxproj", "{EF869029-64F1-467F-BB9B-1D3B49EDECFA}"
EndProject
Global
	GlobalSection(SolutionConfigurationPlatforms) = preSolution
		Debug|x64 = Debug|x64
		Debug|x86 = Debug|x86
		Release|x64 = Release|x64
		Release|x86 = Release|x86
	EndGlobalSection
	GlobalSection(ProjectConfigurationPlatforms) = postSolution
		{99113E47-2C80-43C5-8FD8-5284F9B93C44}.Debug|x64.ActiveCfg = Debug|x64
		{99113E47-2C80-43C5-8FD8-5284F9B93C44}.Debug|x64.Build.0 = Debug|x64
		{99113E47-2C80-43C5-8FD8-5284F9B93C44}.Debug|x86.ActiveCfg = Debug|Win32
		{99113E47-2C80-43C5-8FD8-5284F9B93C44}.Debug|x86.Build.0 = Debug|Win32
		{99113E47-2C80-43C5-8FD8-5284F9B93C44}.Release|x64.ActiveCfg = Release|x64
		{99113E47-2C80-43C5-8FD8-5284F9B93C44}.Release|x64.Build.0 = Release|x64
		{99113E47-2C80-43C5-8FD8-5284F9B93C44}.Release|x86.ActiveCfg = Release|Win32
		{99113E47-2C80-43C5-8FD8-5284F9B93C44}.Release|x86.Build.0 = Release|Win32
		{7A22CD41-A2EE-49F0-8B06-E01B4526CA41}.Debug|x64.ActiveCfg = Debug|x64
		{7A22CD41-A2EE-49F0-8B06-E01B4526CA41}.Debug|x64.Build.0 = Debug|x64
		{7A22CD41-A2EE-49F0-8B06-E01B4526CA41}.Debug|x86.ActiveCfg = Debug|Win32
		{7A22CD41-A2EE-49F0-8B06-E01B4526CA41}.Debug|x86.Build.0 = Debug|Win32
		{7A22CD41-A2EE-49F0-8B06-E01B4526CA41}.Release|x64.ActiveCfg = Release|x64
		{7A22CD41-A2EE-49F0-8B06-E01B4526CA41}.Release|x64.Build.0 = Release|x64
		{7A22CD41-A2EE-49F0-8B06-E01B4526CA41}.Release|x86.ActiveCfg = Release|Win32
		{7A22CD41-A2EE-49F0-8B06-E01B4526CA41}.Release|x86.Build.0 = Release|Win32
		{EF869029-64F1-467F-BB9B-1D3B49EDECFA}.Debug|x64.ActiveCfg = Debug|x64
		{EF869029-64F1-467F-BB9B-1D3B49EDECFA}.Debug|x64.Build.0 = Debug|x64
		{EF869029-64F1-467F-BB9B-1D3B49EDECFA}.Debug|x86.ActiveCfg = Debug|Win32
		{EF869029-64F1-467F-BB9B-1D3B49EDECFA}.Debug|x86.Build.0 = Debug|Win32
		{EF869029-64F1-467F-BB9B-1D3B49EDECFA}.Release|x64.ActiveCfg = Release|x64
		{EF869029-64F1-467F-BB9B-1D3B49EDECFA}.Release|x64.Build.0 = Release|x64
		{EF869029-64F1-467F-BB9B-1D3B49EDECFA}.Release|x86.ActiveCfg = Release|Win32
		{EF869029-64F1-467F-BB9B-1D3B49EDECFA}.Release|x86.Build.0 = Release|Win32
	EndGlobalSection
	GlobalSection(SolutionProperties) = preSolution
		HideSolutionNode = FALSE
	EndGlobalSection
	GlobalSection(ExtensibilityGlobals) = postSolution
		SolutionGuid = {6C3A5B9E-33A7-4B8B-8A9E-4C22D31F8595}
	EndGlobalSection
EndGlobal
